
Microsoft Visual Studio Solution File, Format Version 12.00
# Visual Studio Version 16
VisualStudioVersion = 16.0.30907.101
MinimumVisualStudioVersion = 10.0.40219.1
Project("{888888A0-9F3D-457C-B088-3A5042F75D52}") = "RegisterForm", "RegisterForm.pyproj", "{988C3F8E-C390-4CE5-B5F2-17DB599A7263}"
EndProject
Global
	GlobalSection(SolutionConfigurationPlatforms) = preSolution
		Debug|Any CPU = Debug|Any CPU
		Release|Any CPU = Release|Any CPU
	EndGlobalSection
	GlobalSection(ProjectConfigurationPlatforms) = postSolution
		{988C3F8E-C390-4CE5-B5F2-17DB599A7263}.Debug|Any CPU.ActiveCfg = Debug|Any CPU
		{988C3F8E-C390-4CE5-B5F2-17DB599A7263}.Debug|Any CPU.Build.0 = Debug|Any CPU
		{988C3F8E-C390-4CE5-B5F2-17DB599A7263}.Release|Any CPU.ActiveCfg = Release|Any CPU
		{988C3F8E-C390-4CE5-B5F2-17DB599A7263}.Release|Any CPU.Build.0 = Release|Any CPU
	EndGlobalSection
	GlobalSection(SolutionProperties) = preSolution
		HideSolutionNode = FALSE
	EndGlobalSection
	GlobalSection(ExtensibilityGlobals) = postSolution
		SolutionGuid = {49CE6256-7B58-47AC-8B8D-3F0509BAC8B1}
	EndGlobalSection
EndGlobal
